
Microsoft Visual Studio Solution File, Format Version 12.00
# Visual Studio Version 17
VisualStudioVersion = 17.5.33516.290
MinimumVisualStudioVersion = 10.0.40219.1
Project("{8BC9CEB8-8B4A-11D0-8D11-00A0C91BC942}") = "snake1", "snake1\snake1.vcxproj", "{6C2C733C-F54A-4E9E-AE32-5C65C463C10C}"
EndProject
Project("{8BC9CEB8-8B4A-11D0-8D11-00A0C91BC942}") = "snake2", "snake2\snake2.vcxproj", "{41EC6F2B-6A3A-471F-AA39-8F765C913141}"
EndProject
Project("{8BC9CEB8-8B4A-11D0-8D11-00A0C91BC942}") = "snake3", "snake3\snake3.vcxproj", "{635D53DD-6664-4C7C-BE93-7F40B3245A3C}"
EndProject
Project("{8BC9CEB8-8B4A-11D0-8D11-00A0C91BC942}") = "snake4", "snake4\snake4.vcxproj", "{93FFCE31-D39E-4EC1-A6A9-E3DB79CCFB11}"
EndProject
Project("{8BC9CEB8-8B4A-11D0-8D11-00A0C91BC942}") = "snake5", "snake5\snake5.vcxproj", "{8FA5F711-6BE9-466A-B803-CDF8C097F3E9}"
EndProject
Project("{8BC9CEB8-8B4A-11D0-8D11-00A0C91BC942}") = "snake6", "snake6\snake6.vcxproj", "{80361B73-2FAA-45F2-8C25-0054662CC941}"
EndProject
Project("{8BC9CEB8-8B4A-11D0-8D11-00A0C91BC942}") = "snake7", "snake7\snake7.vcxproj", "{905A8139-C5C9-4FD6-84DC-C0BB0020528C}"
EndProject
Project("{8BC9CEB8-8B4A-11D0-8D11-00A0C91BC942}") = "snake8", "snake8\snake8.vcxproj", "{B0B38597-87AD-4F86-AAF1-70BD7B010460}"
EndProject
Project("{8BC9CEB8-8B4A-11D0-8D11-00A0C91BC942}") = "snake9", "snake9\snake9.vcxproj", "{6C6052A6-747E-4D8C-AC61-999AE4CC9426}"
EndProject
Global
	GlobalSection(SolutionConfigurationPlatforms) = preSolution
		Debug|x64 = Debug|x64
		Debug|x86 = Debug|x86
		Release|x64 = Release|x64
		Release|x86 = Release|x86
	EndGlobalSection
	GlobalSection(ProjectConfigurationPlatforms) = postSolution
		{6C2C733C-F54A-4E9E-AE32-5C65C463C10C}.Debug|x64.ActiveCfg = Debug|x64
		{6C2C733C-F54A-4E9E-AE32-5C65C463C10C}.Debug|x64.Build.0 = Debug|x64
		{6C2C733C-F54A-4E9E-AE32-5C65C463C10C}.Debug|x86.ActiveCfg = Debug|Win32
		{6C2C733C-F54A-4E9E-AE32-5C65C463C10C}.Debug|x86.Build.0 = Debug|Win32
		{6C2C733C-F54A-4E9E-AE32-5C65C463C10C}.Release|x64.ActiveCfg = Release|x64
		{6C2C733C-F54A-4E9E-AE32-5C65C463C10C}.Release|x64.Build.0 = Release|x64
		{6C2C733C-F54A-4E9E-AE32-5C65C463C10C}.Release|x86.ActiveCfg = Release|Win32
		{6C2C733C-F54A-4E9E-AE32-5C65C463C10C}.Release|x86.Build.0 = Release|Win32
		{41EC6F2B-6A3A-471F-AA39-8F765C913141}.Debug|x64.ActiveCfg = Debug|x64
		{41EC6F2B-6A3A-471F-AA39-8F765C913141}.Debug|x64.Build.0 = Debug|x64
		{41EC6F2B-6A3A-471F-AA39-8F765C913141}.Debug|x86.ActiveCfg = Debug|Win32
		{41EC6F2B-6A3A-471F-AA39-8F765C913141}.Debug|x86.Build.0 = Debug|Win32
		{41EC6F2B-6A3A-471F-AA39-8F765C913141}.Release|x64.ActiveCfg = Release|x64
		{41EC6F2B-6A3A-471F-AA39-8F765C913141}.Release|x64.Build.0 = Release|x64
		{41EC6F2B-6A3A-471F-AA39-8F765C913141}.Release|x86.ActiveCfg = Release|Win32
		{41EC6F2B-6A3A-471F-AA39-8F765C913141}.Release|x86.Build.0 = Release|Win32
		{635D53DD-6664-4C7C-BE93-7F40B3245A3C}.Debug|x64.ActiveCfg = Debug|x64
		{635D53DD-6664-4C7C-BE93-7F40B3245A3C}.Debug|x64.Build.0 = Debug|x64
		{635D53DD-6664-4C7C-BE93-7F40B3245A3C}.Debug|x86.ActiveCfg = Debug|Win32
		{635D53DD-6664-4C7C-BE93-7F40B3245A3C}.Debug|x86.Build.0 = Debug|Win32
		{635D53DD-6664-4C7C-BE93-7F40B3245A3C}.Release|x64.ActiveCfg = Release|x64
		{635D53DD-6664-4C7C-BE93-7F40B3245A3C}.Release|x64.Build.0 = Release|x64
		{635D53DD-6664-4C7C-BE93-7F40B3245A3C}.Release|x86.ActiveCfg = Release|Win32
		{635D53DD-6664-4C7C-BE93-7F40B3245A3C}.Release|x86.Build.0 = Release|Win32
		{93FFCE31-D39E-4EC1-A6A9-E3DB79CCFB11}.Debug|x64.ActiveCfg = Debug|x64
		{93FFCE31-D39E-4EC1-A6A9-E3DB79CCFB11}.Debug|x64.Build.0 = Debug|x64
		{93FFCE31-D39E-4EC1-A6A9-E3DB79CCFB11}.Debug|x86.ActiveCfg = Debug|Win32
		{93FFCE31-D39E-4EC1-A6A9-E3DB79CCFB11}.Debug|x86.Build.0 = Debug|Win32
		{93FFCE31-D39E-4EC1-A6A9-E3DB79CCFB11}.Release|x64.ActiveCfg = Release|x64
		{93FFCE31-D39E-4EC1-A6A9-E3DB79CCFB11}.Release|x64.Build.0 = Release|x64
		{93FFCE31-D39E-4EC1-A6A9-E3DB79CCFB11}.Release|x86.ActiveCfg = Release|Win32
		{93FFCE31-D39E-4EC1-A6A9-E3DB79CCFB11}.Release|x86.Build.0 = Release|Win32
		{8FA5F711-6BE9-466A-B803-CDF8C097F3E9}.Debug|x64.ActiveCfg = Debug|x64
		{8FA5F711-6BE9-466A-B803-CDF8C097F3E9}.Debug|x64.Build.0 = Debug|x64
		{8FA5F711-6BE9-466A-B803-CDF8C097F3E9}.Debug|x86.ActiveCfg = Debug|Win32
		{8FA5F711-6BE9-466A-B803-CDF8C097F3E9}.Debug|x86.Build.0 = Debug|Win32
		{8FA5F711-6BE9-466A-B803-CDF8C097F3E9}.Release|x64.ActiveCfg = Release|x64
		{8FA5F711-6BE9-466A-B803-CDF8C097F3E9}.Release|x64.Build.0 = Release|x64
		{8FA5F711-6BE9-466A-B803-CDF8C097F3E9}.Release|x86.ActiveCfg = Release|Win32
		{8FA5F711-6BE9-466A-B803-CDF8C097F3E9}.Release|x86.Build.0 = Release|Win32
		{80361B73-2FAA-45F2-8C25-0054662CC941}.Debug|x64.ActiveCfg = Debug|x64
		{80361B73-2FAA-45F2-8C25-0054662CC941}.Debug|x64.Build.0 = Debug|x64
		{80361B73-2FAA-45F2-8C25-0054662CC941}.Debug|x86.ActiveCfg = Debug|Win32
		{80361B73-2FAA-45F2-8C25-0054662CC941}.Debug|x86.Build.0 = Debug|Win32
		{80361B73-2FAA-45F2-8C25-0054662CC941}.Release|x64.ActiveCfg = Release|x64
		{80361B73-2FAA-45F2-8C25-0054662CC941}.Release|x64.Build.0 = Release|x64
		{80361B73-2FAA-45F2-8C25-0054662CC941}.Release|x86.ActiveCfg = Release|Win32
		{80361B73-2FAA-45F2-8C25-0054662CC941}.Release|x86.Build.0 = Release|Win32
		{905A8139-C5C9-4FD6-84DC-C0BB0020528C}.Debug|x64.ActiveCfg = Debug|x64
		{905A8139-C5C9-4FD6-84DC-C0BB0020528C}.Debug|x64.Build.0 = Debug|x64
		{905A8139-C5C9-4FD6-84DC-C0BB0020528C}.Debug|x86.ActiveCfg = Debug|Win32
		{905A8139-C5C9-4FD6-84DC-C0BB0020528C}.Debug|x86.Build.0 = Debug|Win32
		{905A8139-C5C9-4FD6-84DC-C0BB0020528C}.Release|x64.ActiveCfg = Release|x64
		{905A8139-C5C9-4FD6-84DC-C0BB0020528C}.Release|x64.Build.0 = Release|x64
		{905A8139-C5C9-4FD6-84DC-C0BB0020528C}.Release|x86.ActiveCfg = Release|Win32
		{905A8139-C5C9-4FD6-84DC-C0BB0020528C}.Release|x86.Build.0 = Release|Win32
		{B0B38597-87AD-4F86-AAF1-70BD7B010460}.Debug|x64.ActiveCfg = Debug|x64
		{B0B38597-87AD-4F86-AAF1-70BD7B010460}.Debug|x64.Build.0 = Debug|x64
		{B0B38597-87AD-4F86-AAF1-70BD7B010460}.Debug|x86.ActiveCfg = Debug|Win32
		{B0B38597-87AD-4F86-AAF1-70BD7B010460}.Debug|x86.Build.0 = Debug|Win32
		{B0B38597-87AD-4F86-AAF1-70BD7B010460}.Release|x64.ActiveCfg = Release|x64
		{B0B38597-87AD-4F86-AAF1-70BD7B010460}.Release|x64.Build.0 = Release|x64
		{B0B38597-87AD-4F86-AAF1-70BD7B010460}.Release|x86.ActiveCfg = Release|Win32
		{B0B38597-87AD-4F86-AAF1-70BD7B010460}.Release|x86.Build.0 = Release|Win32
		{6C6052A6-747E-4D8C-AC61-999AE4CC9426}.Debug|x64.ActiveCfg = Debug|x64
		{6C6052A6-747E-4D8C-AC61-999AE4CC9426}.Debug|x64.Build.0 = Debug|x64
		{6C6052A6-747E-4D8C-AC61-999AE4CC9426}.Debug|x86.ActiveCfg = Debug|Win32
		{6C6052A6-747E-4D8C-AC61-999AE4CC9426}.Debug|x86.Build.0 = Debug|Win32
		{6C6052A6-747E-4D8C-AC61-999AE4CC9426}.Release|x64.ActiveCfg = Release|x64
		{6C6052A6-747E-4D8C-AC61-999AE4CC9426}.Release|x64.Build.0 = Release|x64
		{6C6052A6-747E-4D8C-AC61-999AE4CC9426}.Release|x86.ActiveCfg = Release|Win32
		{6C6052A6-747E-4D8C-AC61-999AE4CC9426}.Release|x86.Build.0 = Release|Win32
	EndGlobalSection
	GlobalSection(SolutionProperties) = preSolution
		HideSolutionNode = FALSE
	EndGlobalSection
	GlobalSection(ExtensibilityGlobals) = postSolution
		SolutionGuid = {BB97DCA0-5000-4A43-9F49-74B14A870B85}
	EndGlobalSection
EndGlobal
