
Microsoft Visual Studio Solution File, Format Version 12.00
# Visual Studio Version 17
VisualStudioVersion = 17.5.33516.290
MinimumVisualStudioVersion = 10.0.40219.1
Project("{8BC9CEB8-8B4A-11D0-8D11-00A0C91BC942}") = "snake1", "snake1\snake1.vcxproj", "{6C2C733C-F54A-4E9E-AE32-5C65C463C10C}"
EndProject
Project("{8BC9CEB8-8B4A-11D0-8D11-00A0C91BC942}") = "snake2", "snake2\snake2.vcxproj", "{41EC6F2B-6A3A-471F-AA39-8F765C913141}"
EndProject
Global
	GlobalSection(SolutionConfigurationPlatforms) = preSolution
		Debug|x64 = Debug|x64
		Debug|x86 = Debug|x86
		Release|x64 = Release|x64
		Release|x86 = Release|x86
	EndGlobalSection
	GlobalSection(ProjectConfigurationPlatforms) = postSolution
		{6C2C733C-F54A-4E9E-AE32-5C65C463C10C}.Debug|x64.ActiveCfg = Debug|x64
		{6C2C733C-F54A-4E9E-AE32-5C65C463C10C}.Debug|x64.Build.0 = Debug|x64
		{6C2C733C-F54A-4E9E-AE32-5C65C463C10C}.Debug|x86.ActiveCfg = Debug|Win32
		{6C2C733C-F54A-4E9E-AE32-5C65C463C10C}.Debug|x86.Build.0 = Debug|Win32
		{6C2C733C-F54A-4E9E-AE32-5C65C463C10C}.Release|x64.ActiveCfg = Release|x64
		{6C2C733C-F54A-4E9E-AE32-5C65C463C10C}.Release|x64.Build.0 = Release|x64
		{6C2C733C-F54A-4E9E-AE32-5C65C463C10C}.Release|x86.ActiveCfg = Release|Win32
		{6C2C733C-F54A-4E9E-AE32-5C65C463C10C}.Release|x86.Build.0 = Release|Win32
		{41EC6F2B-6A3A-471F-AA39-8F765C913141}.Debug|x64.ActiveCfg = Debug|x64
		{41EC6F2B-6A3A-471F-AA39-8F765C913141}.Debug|x64.Build.0 = Debug|x64
		{41EC6F2B-6A3A-471F-AA39-8F765C913141}.Debug|x86.ActiveCfg = Debug|Win32
		{41EC6F2B-6A3A-471F-AA39-8F765C913141}.Debug|x86.Build.0 = Debug|Win32
		{41EC6F2B-6A3A-471F-AA39-8F765C913141}.Release|x64.ActiveCfg = Release|x64
		{41EC6F2B-6A3A-471F-AA39-8F765C913141}.Release|x64.Build.0 = Release|x64
		{41EC6F2B-6A3A-471F-AA39-8F765C913141}.Release|x86.ActiveCfg = Release|Win32
		{41EC6F2B-6A3A-471F-AA39-8F765C913141}.Release|x86.Build.0 = Release|Win32
	EndGlobalSection
	GlobalSection(SolutionProperties) = preSolution
		HideSolutionNode = FALSE
	EndGlobalSection
	GlobalSection(ExtensibilityGlobals) = postSolution
		SolutionGuid = {BB97DCA0-5000-4A43-9F49-74B14A870B85}
	EndGlobalSection
EndGlobal
